
Microsoft Visual Studio Solution File, Format Version 12.00
# Visual Studio Version 17
VisualStudioVersion = 17.10.35122.118
MinimumVisualStudioVersion = 10.0.40219.1
Project("{9A19103F-16F7-4668-BE54-9A1E7A4F7556}") = "Atividade03.API", "Atividade03.API\Atividade03.API.csproj", "{D9D5D95C-2957-48FC-B35B-DBC747281D33}"
EndProject
Project("{9A19103F-16F7-4668-BE54-9A1E7A4F7556}") = "API.Dominio", "API.Dominio\API.Dominio.csproj", "{E486DFA9-0B59-4C52-BA09-94FE214FD13C}"
EndProject
Project("{9A19103F-16F7-4668-BE54-9A1E7A4F7556}") = "API.Aplicacao", "API.Aplicacao\API.Aplicacao.csproj", "{76266722-EACC-4B3A-AE98-CB030CBF811B}"
EndProject
Project("{9A19103F-16F7-4668-BE54-9A1E7A4F7556}") = "API.Repositorio", "API.Repositorio\API.Repositorio.csproj", "{5D735D37-E4E6-4E36-8063-5CF106147F22}"
EndProject
Project("{9A19103F-16F7-4668-BE54-9A1E7A4F7556}") = "API.Test", "API.Test\API.Test.csproj", "{47F6A62F-496B-4DB9-8284-643359D0963C}"
EndProject
Global
	GlobalSection(SolutionConfigurationPlatforms) = preSolution
		Debug|Any CPU = Debug|Any CPU
		Release|Any CPU = Release|Any CPU
	EndGlobalSection
	GlobalSection(ProjectConfigurationPlatforms) = postSolution
		{D9D5D95C-2957-48FC-B35B-DBC747281D33}.Debug|Any CPU.ActiveCfg = Debug|Any CPU
		{D9D5D95C-2957-48FC-B35B-DBC747281D33}.Debug|Any CPU.Build.0 = Debug|Any CPU
		{D9D5D95C-2957-48FC-B35B-DBC747281D33}.Release|Any CPU.ActiveCfg = Release|Any CPU
		{D9D5D95C-2957-48FC-B35B-DBC747281D33}.Release|Any CPU.Build.0 = Release|Any CPU
		{E486DFA9-0B59-4C52-BA09-94FE214FD13C}.Debug|Any CPU.ActiveCfg = Debug|Any CPU
		{E486DFA9-0B59-4C52-BA09-94FE214FD13C}.Debug|Any CPU.Build.0 = Debug|Any CPU
		{E486DFA9-0B59-4C52-BA09-94FE214FD13C}.Release|Any CPU.ActiveCfg = Release|Any CPU
		{E486DFA9-0B59-4C52-BA09-94FE214FD13C}.Release|Any CPU.Build.0 = Release|Any CPU
		{76266722-EACC-4B3A-AE98-CB030CBF811B}.Debug|Any CPU.ActiveCfg = Debug|Any CPU
		{76266722-EACC-4B3A-AE98-CB030CBF811B}.Debug|Any CPU.Build.0 = Debug|Any CPU
		{76266722-EACC-4B3A-AE98-CB030CBF811B}.Release|Any CPU.ActiveCfg = Release|Any CPU
		{76266722-EACC-4B3A-AE98-CB030CBF811B}.Release|Any CPU.Build.0 = Release|Any CPU
		{5D735D37-E4E6-4E36-8063-5CF106147F22}.Debug|Any CPU.ActiveCfg = Debug|Any CPU
		{5D735D37-E4E6-4E36-8063-5CF106147F22}.Debug|Any CPU.Build.0 = Debug|Any CPU
		{5D735D37-E4E6-4E36-8063-5CF106147F22}.Release|Any CPU.ActiveCfg = Release|Any CPU
		{5D735D37-E4E6-4E36-8063-5CF106147F22}.Release|Any CPU.Build.0 = Release|Any CPU
		{47F6A62F-496B-4DB9-8284-643359D0963C}.Debug|Any CPU.ActiveCfg = Debug|Any CPU
		{47F6A62F-496B-4DB9-8284-643359D0963C}.Debug|Any CPU.Build.0 = Debug|Any CPU
		{47F6A62F-496B-4DB9-8284-643359D0963C}.Release|Any CPU.ActiveCfg = Release|Any CPU
		{47F6A62F-496B-4DB9-8284-643359D0963C}.Release|Any CPU.Build.0 = Release|Any CPU
	EndGlobalSection
	GlobalSection(SolutionProperties) = preSolution
		HideSolutionNode = FALSE
	EndGlobalSection
	GlobalSection(ExtensibilityGlobals) = postSolution
		SolutionGuid = {3232502C-F059-4328-8DD2-22F4E9A75035}
	EndGlobalSection
EndGlobal
